{
  "object": {
    "pins": [
      {
        "package": "CrossKitTypes",
        "repositoryURL": "https://github.com/RougeWare/Swift-Cross-Kit-Types.git",
        "state": {
          "branch": null,
          "revision": "d64faa8d5e988352dff45e03a13da4f90c3a70e5",
          "version": "1.0.0"
        }
      },
      {
        "package": "FunctionTools",
        "repositoryURL": "https://github.com/RougeWare/Swift-Function-Tools.git",
        "state": {
          "branch": null,
          "revision": "0cc2083f05dc12fa70451985c0c3390e63b468ed",
          "version": "2.0.0"
        }
      },
      {
        "package": "MultiplicativeArithmetic",
        "repositoryURL": "https://github.com/RougeWare/Swift-MultiplicativeArithmetic.git",
        "state": {
          "branch": null,
          "revision": "c45199953ac680dfdcaefff5f8743f1126fe8a4e",
          "version": "2.0.1"
        }
      },
      {
        "package": "RectangleTools",
        "repositoryURL": "https://github.com/RougeWare/Swift-Rectangle-Tools",
        "state": {
          "branch": null,
          "revision": "dd8eba41360e39c74159d7a1ef9496efc6fefc40",
          "version": "2.17.1"
        }
      }
    ]
  },
  "version": 1
}
